# THIS IS AN AUTOGENERATED FILE. DO NOT EDIT THIS FILE DIRECTLY.
# yarn lockfile v1


wakatime-client@^2.7.0:
  version "2.7.0"
  resolved "https://registry.yarnpkg.com/wakatime-client/-/wakatime-client-2.7.0.tgz#a95f0999376c8eddb89ede99e685c2e62b007868"
  integrity sha512-8evdA2P5mKrTHWqVHiQ7X43wQCyZGgfVxlS/r+aypSBXVtM32tfjMjbNNowR6wzfmB5yFjDjxcxPFOYROi476w==
